
Microsoft Visual Studio Solution File, Format Version 12.00
# Visual Studio Version 17
VisualStudioVersion = 17.14.36212.18
MinimumVisualStudioVersion = 10.0.40219.1
Project("{FAE04EC0-301F-11D3-BF4B-00C04F79EFBC}") = "Winform_app", "Winform_app\Winform_app.csproj", "{B38176F4-362A-451A-9215-AC70054535F3}"
EndProject
Project("{FAE04EC0-301F-11D3-BF4B-00C04F79EFBC}") = "dominio", "dominio\dominio.csproj", "{D85AB40A-8C94-4E2C-B1CE-A6AC7A97905F}"
EndProject
Project("{FAE04EC0-301F-11D3-BF4B-00C04F79EFBC}") = "negocio", "negocio\negocio.csproj", "{6A99C918-F674-4EC9-A221-3CB8CEA62D75}"
EndProject
Global
	GlobalSection(SolutionConfigurationPlatforms) = preSolution
		Debug|Any CPU = Debug|Any CPU
		Release|Any CPU = Release|Any CPU
	EndGlobalSection
	GlobalSection(ProjectConfigurationPlatforms) = postSolution
		{B38176F4-362A-451A-9215-AC70054535F3}.Debug|Any CPU.ActiveCfg = Debug|Any CPU
		{B38176F4-362A-451A-9215-AC70054535F3}.Debug|Any CPU.Build.0 = Debug|Any CPU
		{B38176F4-362A-451A-9215-AC70054535F3}.Release|Any CPU.ActiveCfg = Release|Any CPU
		{B38176F4-362A-451A-9215-AC70054535F3}.Release|Any CPU.Build.0 = Release|Any CPU
		{D85AB40A-8C94-4E2C-B1CE-A6AC7A97905F}.Debug|Any CPU.ActiveCfg = Debug|Any CPU
		{D85AB40A-8C94-4E2C-B1CE-A6AC7A97905F}.Debug|Any CPU.Build.0 = Debug|Any CPU
		{D85AB40A-8C94-4E2C-B1CE-A6AC7A97905F}.Release|Any CPU.ActiveCfg = Release|Any CPU
		{D85AB40A-8C94-4E2C-B1CE-A6AC7A97905F}.Release|Any CPU.Build.0 = Release|Any CPU
		{6A99C918-F674-4EC9-A221-3CB8CEA62D75}.Debug|Any CPU.ActiveCfg = Debug|Any CPU
		{6A99C918-F674-4EC9-A221-3CB8CEA62D75}.Debug|Any CPU.Build.0 = Debug|Any CPU
		{6A99C918-F674-4EC9-A221-3CB8CEA62D75}.Release|Any CPU.ActiveCfg = Release|Any CPU
		{6A99C918-F674-4EC9-A221-3CB8CEA62D75}.Release|Any CPU.Build.0 = Release|Any CPU
	EndGlobalSection
	GlobalSection(SolutionProperties) = preSolution
		HideSolutionNode = FALSE
	EndGlobalSection
	GlobalSection(ExtensibilityGlobals) = postSolution
		SolutionGuid = {1EDAD352-F355-4B8A-A0AC-30E279258C68}
	EndGlobalSection
EndGlobal
